github.com/lukasmwerner/pine v0.0.0-20230403045902-494189591934 h1:Rst/Qld5kSVzGrzg7CPM3jSUosM89lVGn3MGbkIFX0M=
github.com/lukasmwerner/pine v0.0.0-20230403045902-494189591934/go.mod h1:VuKnwZoB6aSyuHeJFcPxx6aZTjWz8dnYKuPPmEmIyC4=
github.com/lukasmwerner/pine v0.1.0 h1:gUIq8vKKNoEv1VWzyH1F1G1IQzJB3fkdNFPLMHNGngo=
github.com/lukasmwerner/pine v0.1.0/go.mod h1:VuKnwZoB6aSyuHeJFcPxx6aZTjWz8dnYKuPPmEmIyC4=
github.com/russross/blackfriday/v2 v2.1.0 h1:JIOH55/0cWyOuilr9/qlrm0BSXldqnqwMsf35Ld67mk=
github.com/russross/blackfriday/v2 v2.1.0/go.mod h1:+Rmxgy9KzJVeS9/2gXHxylqXiyQDYRxCVz55jmeOWTM=
